
Microsoft Visual Studio Solution File, Format Version 12.00
# Visual Studio Version 16
VisualStudioVersion = 16.0.30413.136
MinimumVisualStudioVersion = 10.0.40219.1
Project("{FAE04EC0-301F-11D3-BF4B-00C04F79EFBC}") = "Calculator", "Calculator\Calculator.csproj", "{3E470CA2-AB15-427D-9E64-61A97DC60A12}"
EndProject
Project("{FAE04EC0-301F-11D3-BF4B-00C04F79EFBC}") = "CalculatorTest", "CalculatorTest\CalculatorTest.csproj", "{ECCDAFA8-E839-4840-B472-25644355B42D}"
EndProject
Global
	GlobalSection(SolutionConfigurationPlatforms) = preSolution
		Debug|Any CPU = Debug|Any CPU
		Release|Any CPU = Release|Any CPU
	EndGlobalSection
	GlobalSection(ProjectConfigurationPlatforms) = postSolution
		{3E470CA2-AB15-427D-9E64-61A97DC60A12}.Debug|Any CPU.ActiveCfg = Debug|Any CPU
		{3E470CA2-AB15-427D-9E64-61A97DC60A12}.Debug|Any CPU.Build.0 = Debug|Any CPU
		{3E470CA2-AB15-427D-9E64-61A97DC60A12}.Release|Any CPU.ActiveCfg = Release|Any CPU
		{3E470CA2-AB15-427D-9E64-61A97DC60A12}.Release|Any CPU.Build.0 = Release|Any CPU
		{ECCDAFA8-E839-4840-B472-25644355B42D}.Debug|Any CPU.ActiveCfg = Debug|Any CPU
		{ECCDAFA8-E839-4840-B472-25644355B42D}.Debug|Any CPU.Build.0 = Debug|Any CPU
		{ECCDAFA8-E839-4840-B472-25644355B42D}.Release|Any CPU.ActiveCfg = Release|Any CPU
		{ECCDAFA8-E839-4840-B472-25644355B42D}.Release|Any CPU.Build.0 = Release|Any CPU
	EndGlobalSection
	GlobalSection(SolutionProperties) = preSolution
		HideSolutionNode = FALSE
	EndGlobalSection
	GlobalSection(ExtensibilityGlobals) = postSolution
		SolutionGuid = {98C6B934-F9FD-44BF-A93B-855AD7953900}
	EndGlobalSection
EndGlobal
